
Microsoft Visual Studio Solution File, Format Version 12.00
# Visual Studio 2013
VisualStudioVersion = 12.0.21005.1
MinimumVisualStudioVersion = 10.0.40219.1
Project("{FAE04EC0-301F-11D3-BF4B-00C04F79EFBC}") = "TimeTracker", "TimeTracker\TimeTracker.csproj", "{B3425EE8-4B99-401E-87CE-2CBBC8A52D00}"
EndProject
Project("{FAE04EC0-301F-11D3-BF4B-00C04F79EFBC}") = "TimeTracking.Export", "TimeTracking.Export\TimeTracking.Export.csproj", "{55F58786-ABF6-4A8E-94C0-32A3C00FF114}"
EndProject
Project("{FAE04EC0-301F-11D3-BF4B-00C04F79EFBC}") = "TimeTracking.Infrastructure", "TimeTracking.Infrastructure\TimeTracking.Infrastructure.csproj", "{91FC79E7-0A4F-42E1-94EC-1474A81EFDC4}"
	ProjectSection(ProjectDependencies) = postProject
		{03B2DEBD-2994-499F-BCA5-C1E49EFF9C2A} = {03B2DEBD-2994-499F-BCA5-C1E49EFF9C2A}
	EndProjectSection
EndProject
Project("{FAE04EC0-301F-11D3-BF4B-00C04F79EFBC}") = "TimeTracking.EventHandlers", "TimeTracking.EventHandlers\TimeTracking.EventHandlers.csproj", "{03B2DEBD-2994-499F-BCA5-C1E49EFF9C2A}"
EndProject
Project("{FAE04EC0-301F-11D3-BF4B-00C04F79EFBC}") = "TimeTracking.LocalStorage", "TimeTracking.LocalStorage\TimeTracking.LocalStorage.csproj", "{012B1CBB-B499-480D-8C3C-15EE43743F2A}"
EndProject
Project("{2150E333-8FDC-42A3-9474-1A3956D46DE8}") = "Queries", "Queries", "{61DED4CA-1DC1-4AE5-B68D-F78E62CA2BB6}"
	ProjectSection(SolutionItems) = preProject
		createdatabase.sql = createdatabase.sql
	EndProjectSection
EndProject
Project("{FAE04EC0-301F-11D3-BF4B-00C04F79EFBC}") = "TimeTracking.Model", "TimeTracking.Model\TimeTracking.Model.csproj", "{1BD06DF3-22A6-4F01-83EB-D468AC039C76}"
EndProject
Project("{FAE04EC0-301F-11D3-BF4B-00C04F79EFBC}") = "TimeTracking.Commands", "TimeTracking.Commands\TimeTracking.Commands.csproj", "{7DB4E368-0A3B-4206-B95A-3AC4FA274E03}"
EndProject
Project("{FAE04EC0-301F-11D3-BF4B-00C04F79EFBC}") = "TimeTracking.CommandHandlers", "TimeTracking.CommandHandlers\TimeTracking.CommandHandlers.csproj", "{AA6A42D2-39A7-40A9-BB28-25C473ACE053}"
EndProject
Project("{FAE04EC0-301F-11D3-BF4B-00C04F79EFBC}") = "TimeTracking.Extensions", "TimeTracking.Extensions\TimeTracking.Extensions.csproj", "{D4594B93-EF12-44A2-AEA5-97B9029DA444}"
EndProject
Project("{FAE04EC0-301F-11D3-BF4B-00C04F79EFBC}") = "TimeTracking.Logging", "TimeTracking.Logging\TimeTracking.Logging.csproj", "{8C15D30D-92B2-4D63-A51C-A401BD823F7E}"
EndProject
Project("{FAE04EC0-301F-11D3-BF4B-00C04F79EFBC}") = "TimeTracking.ApplicationServices", "TimeTracking.ApplicationServices\TimeTracking.ApplicationServices.csproj", "{189C4FA8-208C-4420-B230-F036A5E9400D}"
EndProject
Project("{FAE04EC0-301F-11D3-BF4B-00C04F79EFBC}") = "TimeTracking.Core", "TimeTracking.Core\TimeTracking.Core.csproj", "{041A4649-2C42-4C3F-851B-17AB43F44B66}"
EndProject
Project("{2150E333-8FDC-42A3-9474-1A3956D46DE8}") = "Tests", "Tests", "{041B6A46-1F0D-497F-9710-36183785E093}"
EndProject
Project("{FAE04EC0-301F-11D3-BF4B-00C04F79EFBC}") = "TimeTracking.Core.Tests.Unit", "TimeTracking.Core.Tests.Unit\TimeTracking.Core.Tests.Unit.csproj", "{B7FF62EE-EFD2-4B7D-BB7C-2F40154EFDF0}"
EndProject
Project("{FAE04EC0-301F-11D3-BF4B-00C04F79EFBC}") = "TimeTracking.ReadModel", "TimeTracking.ReadModel\TimeTracking.ReadModel.csproj", "{4653B13D-81D0-4142-AAE9-C534FED70F30}"
EndProject
Global
	GlobalSection(SolutionConfigurationPlatforms) = preSolution
		Debug|Any CPU = Debug|Any CPU
		Release|Any CPU = Release|Any CPU
	EndGlobalSection
	GlobalSection(ProjectConfigurationPlatforms) = postSolution
		{B3425EE8-4B99-401E-87CE-2CBBC8A52D00}.Debug|Any CPU.ActiveCfg = Debug|Any CPU
		{B3425EE8-4B99-401E-87CE-2CBBC8A52D00}.Debug|Any CPU.Build.0 = Debug|Any CPU
		{B3425EE8-4B99-401E-87CE-2CBBC8A52D00}.Release|Any CPU.ActiveCfg = Release|Any CPU
		{B3425EE8-4B99-401E-87CE-2CBBC8A52D00}.Release|Any CPU.Build.0 = Release|Any CPU
		{55F58786-ABF6-4A8E-94C0-32A3C00FF114}.Debug|Any CPU.ActiveCfg = Debug|Any CPU
		{55F58786-ABF6-4A8E-94C0-32A3C00FF114}.Debug|Any CPU.Build.0 = Debug|Any CPU
		{55F58786-ABF6-4A8E-94C0-32A3C00FF114}.Release|Any CPU.ActiveCfg = Release|Any CPU
		{55F58786-ABF6-4A8E-94C0-32A3C00FF114}.Release|Any CPU.Build.0 = Release|Any CPU
		{91FC79E7-0A4F-42E1-94EC-1474A81EFDC4}.Debug|Any CPU.ActiveCfg = Debug|Any CPU
		{91FC79E7-0A4F-42E1-94EC-1474A81EFDC4}.Debug|Any CPU.Build.0 = Debug|Any CPU
		{91FC79E7-0A4F-42E1-94EC-1474A81EFDC4}.Release|Any CPU.ActiveCfg = Release|Any CPU
		{91FC79E7-0A4F-42E1-94EC-1474A81EFDC4}.Release|Any CPU.Build.0 = Release|Any CPU
		{03B2DEBD-2994-499F-BCA5-C1E49EFF9C2A}.Debug|Any CPU.ActiveCfg = Debug|Any CPU
		{03B2DEBD-2994-499F-BCA5-C1E49EFF9C2A}.Debug|Any CPU.Build.0 = Debug|Any CPU
		{03B2DEBD-2994-499F-BCA5-C1E49EFF9C2A}.Release|Any CPU.ActiveCfg = Release|Any CPU
		{03B2DEBD-2994-499F-BCA5-C1E49EFF9C2A}.Release|Any CPU.Build.0 = Release|Any CPU
		{012B1CBB-B499-480D-8C3C-15EE43743F2A}.Debug|Any CPU.ActiveCfg = Debug|Any CPU
		{012B1CBB-B499-480D-8C3C-15EE43743F2A}.Debug|Any CPU.Build.0 = Debug|Any CPU
		{012B1CBB-B499-480D-8C3C-15EE43743F2A}.Release|Any CPU.ActiveCfg = Release|Any CPU
		{012B1CBB-B499-480D-8C3C-15EE43743F2A}.Release|Any CPU.Build.0 = Release|Any CPU
		{1BD06DF3-22A6-4F01-83EB-D468AC039C76}.Debug|Any CPU.ActiveCfg = Debug|Any CPU
		{1BD06DF3-22A6-4F01-83EB-D468AC039C76}.Debug|Any CPU.Build.0 = Debug|Any CPU
		{1BD06DF3-22A6-4F01-83EB-D468AC039C76}.Release|Any CPU.ActiveCfg = Release|Any CPU
		{1BD06DF3-22A6-4F01-83EB-D468AC039C76}.Release|Any CPU.Build.0 = Release|Any CPU
		{7DB4E368-0A3B-4206-B95A-3AC4FA274E03}.Debug|Any CPU.ActiveCfg = Debug|Any CPU
		{7DB4E368-0A3B-4206-B95A-3AC4FA274E03}.Debug|Any CPU.Build.0 = Debug|Any CPU
		{7DB4E368-0A3B-4206-B95A-3AC4FA274E03}.Release|Any CPU.ActiveCfg = Release|Any CPU
		{7DB4E368-0A3B-4206-B95A-3AC4FA274E03}.Release|Any CPU.Build.0 = Release|Any CPU
		{AA6A42D2-39A7-40A9-BB28-25C473ACE053}.Debug|Any CPU.ActiveCfg = Debug|Any CPU
		{AA6A42D2-39A7-40A9-BB28-25C473ACE053}.Debug|Any CPU.Build.0 = Debug|Any CPU
		{AA6A42D2-39A7-40A9-BB28-25C473ACE053}.Release|Any CPU.ActiveCfg = Release|Any CPU
		{AA6A42D2-39A7-40A9-BB28-25C473ACE053}.Release|Any CPU.Build.0 = Release|Any CPU
		{D4594B93-EF12-44A2-AEA5-97B9029DA444}.Debug|Any CPU.ActiveCfg = Debug|Any CPU
		{D4594B93-EF12-44A2-AEA5-97B9029DA444}.Debug|Any CPU.Build.0 = Debug|Any CPU
		{D4594B93-EF12-44A2-AEA5-97B9029DA444}.Release|Any CPU.ActiveCfg = Release|Any CPU
		{D4594B93-EF12-44A2-AEA5-97B9029DA444}.Release|Any CPU.Build.0 = Release|Any CPU
		{8C15D30D-92B2-4D63-A51C-A401BD823F7E}.Debug|Any CPU.ActiveCfg = Debug|Any CPU
		{8C15D30D-92B2-4D63-A51C-A401BD823F7E}.Debug|Any CPU.Build.0 = Debug|Any CPU
		{8C15D30D-92B2-4D63-A51C-A401BD823F7E}.Release|Any CPU.ActiveCfg = Release|Any CPU
		{8C15D30D-92B2-4D63-A51C-A401BD823F7E}.Release|Any CPU.Build.0 = Release|Any CPU
		{189C4FA8-208C-4420-B230-F036A5E9400D}.Debug|Any CPU.ActiveCfg = Debug|Any CPU
		{189C4FA8-208C-4420-B230-F036A5E9400D}.Debug|Any CPU.Build.0 = Debug|Any CPU
		{189C4FA8-208C-4420-B230-F036A5E9400D}.Release|Any CPU.ActiveCfg = Release|Any CPU
		{189C4FA8-208C-4420-B230-F036A5E9400D}.Release|Any CPU.Build.0 = Release|Any CPU
		{041A4649-2C42-4C3F-851B-17AB43F44B66}.Debug|Any CPU.ActiveCfg = Debug|Any CPU
		{041A4649-2C42-4C3F-851B-17AB43F44B66}.Debug|Any CPU.Build.0 = Debug|Any CPU
		{041A4649-2C42-4C3F-851B-17AB43F44B66}.Release|Any CPU.ActiveCfg = Release|Any CPU
		{041A4649-2C42-4C3F-851B-17AB43F44B66}.Release|Any CPU.Build.0 = Release|Any CPU
		{B7FF62EE-EFD2-4B7D-BB7C-2F40154EFDF0}.Debug|Any CPU.ActiveCfg = Debug|Any CPU
		{B7FF62EE-EFD2-4B7D-BB7C-2F40154EFDF0}.Debug|Any CPU.Build.0 = Debug|Any CPU
		{B7FF62EE-EFD2-4B7D-BB7C-2F40154EFDF0}.Release|Any CPU.ActiveCfg = Release|Any CPU
		{B7FF62EE-EFD2-4B7D-BB7C-2F40154EFDF0}.Release|Any CPU.Build.0 = Release|Any CPU
		{4653B13D-81D0-4142-AAE9-C534FED70F30}.Debug|Any CPU.ActiveCfg = Debug|Any CPU
		{4653B13D-81D0-4142-AAE9-C534FED70F30}.Debug|Any CPU.Build.0 = Debug|Any CPU
		{4653B13D-81D0-4142-AAE9-C534FED70F30}.Release|Any CPU.ActiveCfg = Release|Any CPU
		{4653B13D-81D0-4142-AAE9-C534FED70F30}.Release|Any CPU.Build.0 = Release|Any CPU
	EndGlobalSection
	GlobalSection(SolutionProperties) = preSolution
		HideSolutionNode = FALSE
	EndGlobalSection
	GlobalSection(NestedProjects) = preSolution
		{B7FF62EE-EFD2-4B7D-BB7C-2F40154EFDF0} = {041B6A46-1F0D-497F-9710-36183785E093}
	EndGlobalSection
EndGlobal
